
Microsoft Visual Studio Solution File, Format Version 12.00
# Visual Studio Version 17
VisualStudioVersion = 17.3.32819.101
MinimumVisualStudioVersion = 10.0.40219.1
Project("{9A19103F-16F7-4668-BE54-9A1E7A4F7556}") = "C-Sharp", "C-Sharp\C-Sharp.csproj", "{B22664BE-A91C-4BB0-9080-FD4B6784F52C}"
EndProject
Project("{9A19103F-16F7-4668-BE54-9A1E7A4F7556}") = "Design-Pattern", "Design-Pattern\Design-Pattern.csproj", "{1CB6949C-5B84-4AB3-A3BD-66D96778F940}"
EndProject
Project("{9A19103F-16F7-4668-BE54-9A1E7A4F7556}") = "Data-Structure", "Data-Structure\Data-Structure.csproj", "{27BEDC20-5FD1-47E8-B360-35277BACAB5D}"
EndProject
Project("{9A19103F-16F7-4668-BE54-9A1E7A4F7556}") = "LeetCode", "LeetCode\LeetCode.csproj", "{91ECF848-40C5-46BE-8F3A-DFE0D7ECDD30}"
EndProject
Global
	GlobalSection(SolutionConfigurationPlatforms) = preSolution
		Debug|Any CPU = Debug|Any CPU
		Release|Any CPU = Release|Any CPU
	EndGlobalSection
	GlobalSection(ProjectConfigurationPlatforms) = postSolution
		{B22664BE-A91C-4BB0-9080-FD4B6784F52C}.Debug|Any CPU.ActiveCfg = Debug|Any CPU
		{B22664BE-A91C-4BB0-9080-FD4B6784F52C}.Debug|Any CPU.Build.0 = Debug|Any CPU
		{B22664BE-A91C-4BB0-9080-FD4B6784F52C}.Release|Any CPU.ActiveCfg = Release|Any CPU
		{B22664BE-A91C-4BB0-9080-FD4B6784F52C}.Release|Any CPU.Build.0 = Release|Any CPU
		{1CB6949C-5B84-4AB3-A3BD-66D96778F940}.Debug|Any CPU.ActiveCfg = Debug|Any CPU
		{1CB6949C-5B84-4AB3-A3BD-66D96778F940}.Debug|Any CPU.Build.0 = Debug|Any CPU
		{1CB6949C-5B84-4AB3-A3BD-66D96778F940}.Release|Any CPU.ActiveCfg = Release|Any CPU
		{1CB6949C-5B84-4AB3-A3BD-66D96778F940}.Release|Any CPU.Build.0 = Release|Any CPU
		{27BEDC20-5FD1-47E8-B360-35277BACAB5D}.Debug|Any CPU.ActiveCfg = Debug|Any CPU
		{27BEDC20-5FD1-47E8-B360-35277BACAB5D}.Debug|Any CPU.Build.0 = Debug|Any CPU
		{27BEDC20-5FD1-47E8-B360-35277BACAB5D}.Release|Any CPU.ActiveCfg = Release|Any CPU
		{27BEDC20-5FD1-47E8-B360-35277BACAB5D}.Release|Any CPU.Build.0 = Release|Any CPU
		{91ECF848-40C5-46BE-8F3A-DFE0D7ECDD30}.Debug|Any CPU.ActiveCfg = Debug|Any CPU
		{91ECF848-40C5-46BE-8F3A-DFE0D7ECDD30}.Debug|Any CPU.Build.0 = Debug|Any CPU
		{91ECF848-40C5-46BE-8F3A-DFE0D7ECDD30}.Release|Any CPU.ActiveCfg = Release|Any CPU
		{91ECF848-40C5-46BE-8F3A-DFE0D7ECDD30}.Release|Any CPU.Build.0 = Release|Any CPU
	EndGlobalSection
	GlobalSection(SolutionProperties) = preSolution
		HideSolutionNode = FALSE
	EndGlobalSection
	GlobalSection(ExtensibilityGlobals) = postSolution
		SolutionGuid = {9D2E1421-BAD6-4BD8-92DA-D32EC43562CE}
	EndGlobalSection
EndGlobal
